
Microsoft Visual Studio Solution File, Format Version 12.00
# Visual Studio Version 17
VisualStudioVersion = 17.0.31903.59
MinimumVisualStudioVersion = 10.0.40219.1
Project("{2150E333-8FDC-42A3-9474-1A3956D46DE8}") = "src", "src", "{891C69C9-4D82-41BA-A06B-C40AD289DE7E}"
EndProject
Project("{FAE04EC0-301F-11D3-BF4B-00C04F79EFBC}") = "Rebaser", "src\Rebaser\Rebaser.csproj", "{1D774BC2-2E02-4523-B22C-719A8E3FB811}"
EndProject
Global
	GlobalSection(SolutionConfigurationPlatforms) = preSolution
		Debug|Any CPU = Debug|Any CPU
		Release|Any CPU = Release|Any CPU
	EndGlobalSection
	GlobalSection(SolutionProperties) = preSolution
		HideSolutionNode = FALSE
	EndGlobalSection
	GlobalSection(ProjectConfigurationPlatforms) = postSolution
		{1D774BC2-2E02-4523-B22C-719A8E3FB811}.Debug|Any CPU.ActiveCfg = Debug|Any CPU
		{1D774BC2-2E02-4523-B22C-719A8E3FB811}.Debug|Any CPU.Build.0 = Debug|Any CPU
		{1D774BC2-2E02-4523-B22C-719A8E3FB811}.Release|Any CPU.ActiveCfg = Release|Any CPU
		{1D774BC2-2E02-4523-B22C-719A8E3FB811}.Release|Any CPU.Build.0 = Release|Any CPU
	EndGlobalSection
	GlobalSection(NestedProjects) = preSolution
		{1D774BC2-2E02-4523-B22C-719A8E3FB811} = {891C69C9-4D82-41BA-A06B-C40AD289DE7E}
	EndGlobalSection
EndGlobal
